
Microsoft Visual Studio Solution File, Format Version 12.00
# Visual Studio Version 16
VisualStudioVersion = 16.0.29709.97
MinimumVisualStudioVersion = 10.0.40219.1
Project("{FAE04EC0-301F-11D3-BF4B-00C04F79EFBC}") = "Lilian_Nishimaru_Exercise01", "Lilian_Nishimaru_Sec003_COMP212_Lab01\Lilian_Nishimaru_Exercise01.csproj", "{D965624F-C51F-4B4F-9D3E-F06A661CC507}"
EndProject
Project("{FAE04EC0-301F-11D3-BF4B-00C04F79EFBC}") = "Lilian_Nishimaru_Exercise02", "Lilian_Nishimaru_Exercise02\Lilian_Nishimaru_Exercise02.csproj", "{000B2112-59C9-42C0-9495-D136175A8E53}"
EndProject
Global
	GlobalSection(SolutionConfigurationPlatforms) = preSolution
		Debug|Any CPU = Debug|Any CPU
		Release|Any CPU = Release|Any CPU
	EndGlobalSection
	GlobalSection(ProjectConfigurationPlatforms) = postSolution
		{D965624F-C51F-4B4F-9D3E-F06A661CC507}.Debug|Any CPU.ActiveCfg = Debug|Any CPU
		{D965624F-C51F-4B4F-9D3E-F06A661CC507}.Debug|Any CPU.Build.0 = Debug|Any CPU
		{D965624F-C51F-4B4F-9D3E-F06A661CC507}.Release|Any CPU.ActiveCfg = Release|Any CPU
		{D965624F-C51F-4B4F-9D3E-F06A661CC507}.Release|Any CPU.Build.0 = Release|Any CPU
		{000B2112-59C9-42C0-9495-D136175A8E53}.Debug|Any CPU.ActiveCfg = Debug|Any CPU
		{000B2112-59C9-42C0-9495-D136175A8E53}.Debug|Any CPU.Build.0 = Debug|Any CPU
		{000B2112-59C9-42C0-9495-D136175A8E53}.Release|Any CPU.ActiveCfg = Release|Any CPU
		{000B2112-59C9-42C0-9495-D136175A8E53}.Release|Any CPU.Build.0 = Release|Any CPU
	EndGlobalSection
	GlobalSection(SolutionProperties) = preSolution
		HideSolutionNode = FALSE
	EndGlobalSection
	GlobalSection(ExtensibilityGlobals) = postSolution
		SolutionGuid = {47BCBA6B-42A9-40DF-A3CD-A0FEC6AD762F}
	EndGlobalSection
EndGlobal
